# This file is machine-generated by `gh actions-lock`.
# Do not edit by hand; run `gh actions-lock` to update.
# Docs: https://gh.io/actions-lockfile
version: 'v0.0.2'
workflows:
    '.github/workflows/ci.yaml':
        - 'actions-rust-lang/setup-rust-toolchain@v1.17.0'
        - 'actions/checkout@v6.1.0'
        - 'swatinem/rust-cache@v2.9.2'
    '.github/workflows/release.yaml':
        - 'actions/checkout@v6.1.0'
        - 'actions/download-artifact@v8.0.1'
        - 'actions/upload-artifact@v7.0.1'
        - 'docker/build-push-action@v7.4.0'
        - 'docker/login-action@v4.6.0'
        - 'docker/setup-buildx-action@v4.4.1'
        - 'peaceiris/actions-gh-pages@v4.1.0'
        - 'softprops/action-gh-release@v2.6.1'
        - 'swatinem/rust-cache@v2.9.2'
dependencies:
    'actions-rust-lang/setup-rust-toolchain@v1.17.0':
        ref: 'v1.17.0'
        commit: 'sha1-166cdcfd11aee3cb47222f9ddb555ce30ddb9659'
        owner_id: 103899579
        repo_id: 482610590
        uses:
            - 'swatinem/rust-cache@c19371144df3bb44fab255c43d04cbc2ab54d1c4'
    'actions/checkout@v6.1.0':
        ref: 'v6.1.0'
        commit: 'sha1-d23441a48e516b6c34aea4fa41551a30e30af803'
        owner_id: 44036562
        repo_id: 197814629
    'actions/download-artifact@v8.0.1':
        ref: 'v8.0.1'
        commit: 'sha1-3e5f45b2cfb9172054b4087a40e8e0b5a5461e7c'
        owner_id: 44036562
        repo_id: 192626254
    'actions/upload-artifact@v7.0.1':
        ref: 'v7.0.1'
        commit: 'sha1-043fb46d1a93c77aae656e7c1c64a875d1fc6a0a'
        owner_id: 44036562
        repo_id: 192625955
    'docker/build-push-action@v7.4.0':
        ref: 'v7.4.0'
        commit: 'sha1-c3c9e263c25d99ce0380d002d59b67737d91b0dc'
        owner_id: 5429470
        repo_id: 241092383
    'docker/login-action@v4.6.0':
        ref: 'v4.6.0'
        commit: 'sha1-dbcb813823bdd20940b903addbd779551569679f'
        owner_id: 5429470
        repo_id: 287743349
    'docker/setup-buildx-action@v4.4.1':
        ref: 'v4.4.1'
        commit: 'sha1-f87e5991a6d7451dcb8d9637bfbc97413f497069'
        owner_id: 5429470
        repo_id: 288485773
    'peaceiris/actions-gh-pages@v4.1.0':
        ref: 'v4.1.0'
        commit: 'sha1-84c30a85c19949d7eee79c4ff27748b70285e453'
        owner_id: 30958501
        repo_id: 187915200
    'softprops/action-gh-release@v2.6.1':
        ref: 'v2.6.1'
        commit: 'sha1-153bb8e04406b158c6c84fc1615b65b24149a1fe'
        owner_id: 2242
        repo_id: 204253808
    'swatinem/rust-cache@c19371144df3bb44fab255c43d04cbc2ab54d1c4':
        ref: 'v2.9.1'
        commit: 'sha1-c19371144df3bb44fab255c43d04cbc2ab54d1c4'
        owner_id: 580492
        repo_id: 298565987
    'swatinem/rust-cache@v2.9.2':
        ref: 'v2.9.2'
        commit: 'sha1-6323deb102c322ba6fcbdcafc7e3dddab59af2b6'
        owner_id: 580492
        repo_id: 298565987
